{
  "version": 4,
  "terraform_version": "1.10.4",
  "serial": 53,
  "lineage": "bf17f9b0-1f67-54ee-116f-b58bf0d412f4",
  "outputs": {
    "ecr_repository_url": {
      "value": "975050047312.dkr.ecr.us-west-2.amazonaws.com/agent-engineer-opinions-mcp",
      "type": "string"
    }
  },
  "resources": [
    {
      "mode": "managed",
      "type": "aws_ecr_repository",
      "name": "app",
      "provider": "provider[\"registry.terraform.io/hashicorp/aws\"]",
      "instances": [
        {
          "schema_version": 0,
          "attributes": {
            "arn": "arn:aws:ecr:us-west-2:975050047312:repository/agent-engineer-opinions-mcp",
            "encryption_configuration": [
              {
                "encryption_type": "AES256",
                "kms_key": ""
              }
            ],
            "force_delete": true,
            "id": "agent-engineer-opinions-mcp",
            "image_scanning_configuration": [
              {
                "scan_on_push": true
              }
            ],
            "image_tag_mutability": "MUTABLE",
            "name": "agent-engineer-opinions-mcp",
            "registry_id": "975050047312",
            "repository_url": "975050047312.dkr.ecr.us-west-2.amazonaws.com/agent-engineer-opinions-mcp",
            "tags": null,
            "tags_all": {},
            "timeouts": null
          },
          "sensitive_attributes": [],
          "private": "eyJlMmJmYjczMC1lY2FhLTExZTYtOGY4OC0zNDM2M2JjN2M0YzAiOnsiZGVsZXRlIjoxMjAwMDAwMDAwMDAwfX0="
        }
      ]
    }
  ],
  "check_results": [
    {
      "object_kind": "var",
      "config_addr": "var.lambda_architecture",
      "status": "unknown",
      "objects": null
    }
  ]
}
